{
  "requires": true,
  "lockfileVersion": 1,
  "dependencies": {
    "@pixi/unsafe-eval": {
      "version": "7.2.4",
      "resolved": "https://registry.npmjs.org/@pixi/unsafe-eval/-/unsafe-eval-7.2.4.tgz",
      "integrity": "sha512-3Japs14nPJIi+paXufkeka9uIWaFSuSPUa61eKRTMwfgKMP5fTCCh+5fSO7Zwy8etShWfxOCpK4HH4kkWtqRoQ=="
    }
  }
}
